
Microsoft Visual Studio Solution File, Format Version 12.00
# Visual Studio Version 17
VisualStudioVersion = 17.9.34701.34
MinimumVisualStudioVersion = 10.0.40219.1
Project("{FAE04EC0-301F-11D3-BF4B-00C04F79EFBC}") = "PawStep", "PawStep.csproj", "{02484693-A60A-402A-9DBD-E2A3B670910A}"
EndProject
Global
	GlobalSection(SolutionConfigurationPlatforms) = preSolution
		Debug|Any CPU = Debug|Any CPU
		Release|Any CPU = Release|Any CPU
	EndGlobalSection
	GlobalSection(ProjectConfigurationPlatforms) = postSolution
		{02484693-A60A-402A-9DBD-E2A3B670910A}.Debug|Any CPU.ActiveCfg = Debug|Any CPU
		{02484693-A60A-402A-9DBD-E2A3B670910A}.Debug|Any CPU.Build.0 = Debug|Any CPU
		{02484693-A60A-402A-9DBD-E2A3B670910A}.Debug|Any CPU.Deploy.0 = Debug|Any CPU
		{02484693-A60A-402A-9DBD-E2A3B670910A}.Release|Any CPU.ActiveCfg = Release|Any CPU
		{02484693-A60A-402A-9DBD-E2A3B670910A}.Release|Any CPU.Build.0 = Release|Any CPU
		{02484693-A60A-402A-9DBD-E2A3B670910A}.Release|Any CPU.Deploy.0 = Release|Any CPU
	EndGlobalSection
	GlobalSection(SolutionProperties) = preSolution
		HideSolutionNode = FALSE
	EndGlobalSection
	GlobalSection(ExtensibilityGlobals) = postSolution
		SolutionGuid = {7356DE65-0902-40FF-B283-9496A07337AE}
	EndGlobalSection
EndGlobal
